
Microsoft Visual Studio Solution File, Format Version 12.00
# Visual Studio 15
Project("{FAE04EC0-301F-11D3-BF4B-00C04F79EFBC}") = "Meryel.CodeAssist.Editor", "Meryel.CodeAssist.Editor.csproj", "{E40F9AB4-D58D-001B-5C14-9268B22D260E}"
EndProject
Project("{FAE04EC0-301F-11D3-BF4B-00C04F79EFBC}") = "Assembly-CSharp", "Assembly-CSharp.csproj", "{5242D229-C8A2-AF6A-31B8-03BF1EAFC151}"
EndProject
Global
	GlobalSection(SolutionConfigurationPlatforms) = preSolution
		Debug|Any CPU = Debug|Any CPU
		Release|Any CPU = Release|Any CPU
	EndGlobalSection
	GlobalSection(ProjectConfigurationPlatforms) = postSolution
		{E40F9AB4-D58D-001B-5C14-9268B22D260E}.Debug|Any CPU.ActiveCfg = Debug|Any CPU
		{E40F9AB4-D58D-001B-5C14-9268B22D260E}.Debug|Any CPU.Build.0 = Debug|Any CPU
		{E40F9AB4-D58D-001B-5C14-9268B22D260E}.Release|Any CPU.ActiveCfg = Release|Any CPU
		{E40F9AB4-D58D-001B-5C14-9268B22D260E}.Release|Any CPU.Build.0 = Release|Any CPU
		{5242D229-C8A2-AF6A-31B8-03BF1EAFC151}.Debug|Any CPU.ActiveCfg = Debug|Any CPU
		{5242D229-C8A2-AF6A-31B8-03BF1EAFC151}.Debug|Any CPU.Build.0 = Debug|Any CPU
		{5242D229-C8A2-AF6A-31B8-03BF1EAFC151}.Release|Any CPU.ActiveCfg = Release|Any CPU
		{5242D229-C8A2-AF6A-31B8-03BF1EAFC151}.Release|Any CPU.Build.0 = Release|Any CPU
	EndGlobalSection
	GlobalSection(SolutionProperties) = preSolution
		HideSolutionNode = FALSE
	EndGlobalSection
EndGlobal
